// !$*UTF8*$!
{
	archiveVersion = 1;
	classes = {
	};
	objectVersion = 46;
	objects = {

/* Begin PBXBuildFile section */
		844B90DF1669AAE800935AB8 /* blackArrowDown.png in Resources */ = {isa = PBXBuildFile; fileRef = 844B90C81669AAE800935AB8 /* blackArrowDown.png */; };
		844B90E01669AAE800935AB8 /* blackArrowDown@2x.png in Resources */ = {isa = PBXBuildFile; fileRef = 844B90C91669AAE800935AB8 /* blackArrowDown@2x.png */; };
		844B90E11669AAE800935AB8 /* blackArrowUp.png in Resources */ = {isa = PBXBuildFile; fileRef = 844B90CA1669AAE800935AB8 /* blackArrowUp.png */; };
		844B90E21669AAE800935AB8 /* blackArrowUp@2x.png in Resources */ = {isa = PBXBuildFile; fileRef = 844B90CB1669AAE800935AB8 /* blackArrowUp@2x.png */; };
		844B90E31669AAE800935AB8 /* blackPencil.png in Resources */ = {isa = PBXBuildFile; fileRef = 844B90CC1669AAE800935AB8 /* blackPencil.png */; };
		844B90E41669AAE800935AB8 /* blackPencil@2x.png in Resources */ = {isa = PBXBuildFile; fileRef = 844B90CD1669AAE800935AB8 /* blackPencil@2x.png */; };
		844B90E51669AAE800935AB8 /* ISKAppDelegate.m in Sources */ = {isa = PBXBuildFile; fileRef = 844B90D01669AAE800935AB8 /* ISKAppDelegate.m */; };
		844B90E61669AAE800935AB8 /* ISKDrawingView.m in Sources */ = {isa = PBXBuildFile; fileRef = 844B90D21669AAE800935AB8 /* ISKDrawingView.m */; };
		844B90E71669AAE800935AB8 /* ISKFlipsideViewController.m in Sources */ = {isa = PBXBuildFile; fileRef = 844B90D41669AAE800935AB8 /* ISKFlipsideViewController.m */; };
		844B90E81669AAE800935AB8 /* ISKRootView.m in Sources */ = {isa = PBXBuildFile; fileRef = 844B90D71669AAE800935AB8 /* ISKRootView.m */; };
		844B90E91669AAE800935AB8 /* ISKSimpleStackViewController.m in Sources */ = {isa = PBXBuildFile; fileRef = 844B90D91669AAE800935AB8 /* ISKSimpleStackViewController.m */; };
		844B90EA1669AAE800935AB8 /* InfoPlist.strings in Resources */ = {isa = PBXBuildFile; fileRef = 844B90DA1669AAE800935AB8 /* InfoPlist.strings */; };
		844B90EC1669AAE800935AB8 /* main.m in Sources */ = {isa = PBXBuildFile; fileRef = 844B90DE1669AAE800935AB8 /* main.m */; };
		84738D051669BCBB006501CE /* ISKNoteView.m in Sources */ = {isa = PBXBuildFile; fileRef = 84738D041669BCBB006501CE /* ISKNoteView.m */; };
		84738D121669CE2C006501CE /* ISKMainViewController.m in Sources */ = {isa = PBXBuildFile; fileRef = 84738D111669CE2C006501CE /* ISKMainViewController.m */; };
		C378240417E06B0E00ABB5CE /* CFNetwork.framework in Frameworks */ = {isa = PBXBuildFile; fileRef = C378240317E06B0E00ABB5CE /* CFNetwork.framework */; };
		C378240717E0DBE600ABB5CE /* UIView+XYWHChange.m in Sources */ = {isa = PBXBuildFile; fileRef = C378240617E0DBE600ABB5CE /* UIView+XYWHChange.m */; };
		C3A17F8017DF81A0009AAC5D /* ISKStackVC.m in Sources */ = {isa = PBXBuildFile; fileRef = C3A17F7F17DF81A0009AAC5D /* ISKStackVC.m */; };
		C3BA32D315F2691600EF7DA4 /* UIKit.framework in Frameworks */ = {isa = PBXBuildFile; fileRef = C3BA32D215F2691600EF7DA4 /* UIKit.framework */; };
		C3BA32D515F2691600EF7DA4 /* Foundation.framework in Frameworks */ = {isa = PBXBuildFile; fileRef = C3BA32D415F2691600EF7DA4 /* Foundation.framework */; };
		C3BA32D715F2691600EF7DA4 /* CoreGraphics.framework in Frameworks */ = {isa = PBXBuildFile; fileRef = C3BA32D615F2691600EF7DA4 /* CoreGraphics.framework */; };
		C3BA330615F271E800EF7DA4 /* QuartzCore.framework in Frameworks */ = {isa = PBXBuildFile; fileRef = C3BA330515F271E800EF7DA4 /* QuartzCore.framework */; };
		C3CCE24017E0F5C9005C21E2 /* ArchitectsDaughter.ttf in Resources */ = {isa = PBXBuildFile; fileRef = C3CCE23F17E0F5C9005C21E2 /* ArchitectsDaughter.ttf */; };
		C3CCE24417E0F5D4005C21E2 /* daniel.ttf in Resources */ = {isa = PBXBuildFile; fileRef = C3CCE24117E0F5D4005C21E2 /* daniel.ttf */; };
		C3CCE24517E0F5D4005C21E2 /* danielbd.ttf in Resources */ = {isa = PBXBuildFile; fileRef = C3CCE24217E0F5D4005C21E2 /* danielbd.ttf */; };
		C3CCE24617E0F5D4005C21E2 /* danielbk.ttf in Resources */ = {isa = PBXBuildFile; fileRef = C3CCE24317E0F5D4005C21E2 /* danielbk.ttf */; };
		C3CCE24817E0F8AC005C21E2 /* Xiomara-Script.ttf in Resources */ = {isa = PBXBuildFile; fileRef = C3CCE24717E0F8AC005C21E2 /* Xiomara-Script.ttf */; };
		C3E4A96917E353270001CC6B /* SVProgressHUD.m in Sources */ = {isa = PBXBuildFile; fileRef = C3E4A96817E353270001CC6B /* SVProgressHUD.m */; };
		F113EC71167DC41A0077B6D1 /* StyledPageControl.m in Sources */ = {isa = PBXBuildFile; fileRef = F113EC70167DC41A0077B6D1 /* StyledPageControl.m */; };
		F113EC75167DD6360077B6D1 /* ISKStacksViewController.m in Sources */ = {isa = PBXBuildFile; fileRef = F113EC74167DD6360077B6D1 /* ISKStacksViewController.m */; };
		F12A1E701979B83100E88484 /* SVProgressHUD.bundle in Resources */ = {isa = PBXBuildFile; fileRef = F12A1E6F1979B83100E88484 /* SVProgressHUD.bundle */; };
		F12A1E78197ABDEC00E88484 /* Reveal.framework in Frameworks */ = {isa = PBXBuildFile; fileRef = F12A1E77197ABDEC00E88484 /* Reveal.framework */; };
		F12D8A7F18A58E5200E04BE7 /* IAPHelper.m in Sources */ = {isa = PBXBuildFile; fileRef = F12D8A7E18A58E5200E04BE7 /* IAPHelper.m */; };
		F12D8A8218A58EE900E04BE7 /* ISKStackIAPHelper.m in Sources */ = {isa = PBXBuildFile; fileRef = F12D8A8118A58EE900E04BE7 /* ISKStackIAPHelper.m */; };
		F12D8A8418A5910400E04BE7 /* StoreKit.framework in Frameworks */ = {isa = PBXBuildFile; fileRef = F12D8A8318A5910400E04BE7 /* StoreKit.framework */; };
		F12D8A8A18A59A5C00E04BE7 /* PDKeychainBindings.m in Sources */ = {isa = PBXBuildFile; fileRef = F12D8A8718A59A5C00E04BE7 /* PDKeychainBindings.m */; };
		F12D8A8B18A59A5C00E04BE7 /* PDKeychainBindingsController.m in Sources */ = {isa = PBXBuildFile; fileRef = F12D8A8918A59A5C00E04BE7 /* PDKeychainBindingsController.m */; };
		F12D8A8D18A5A2F400E04BE7 /* plus1@2x.png in Resources */ = {isa = PBXBuildFile; fileRef = F12D8A8C18A5A2F400E04BE7 /* plus1@2x.png */; };
		F12D8A8F18A5A39B00E04BE7 /* plus2@2x.png in Resources */ = {isa = PBXBuildFile; fileRef = F12D8A8E18A5A39B00E04BE7 /* plus2@2x.png */; };
		F12D8A9118A5A4C300E04BE7 /* plus3@2x.png in Resources */ = {isa = PBXBuildFile; fileRef = F12D8A9018A5A4C300E04BE7 /* plus3@2x.png */; };
		F12D8A9F18A5C49E00E04BE7 /* SystemConfiguration.framework in Frameworks */ = {isa = PBXBuildFile; fileRef = F12D8A9E18A5C49E00E04BE7 /* SystemConfiguration.framework */; };
		F12D8AA118A5C4A400E04BE7 /* Security.framework in Frameworks */ = {isa = PBXBuildFile; fileRef = F12D8AA018A5C4A400E04BE7 /* Security.framework */; };
		F15088FD18A58072005AC150 /* plus@2x.png in Resources */ = {isa = PBXBuildFile; fileRef = F15088FC18A58072005AC150 /* plus@2x.png */; };
		F169EF3F1916C33400B6A8E6 /* SMPageControl.m in Sources */ = {isa = PBXBuildFile; fileRef = F169EF3E1916C33400B6A8E6 /* SMPageControl.m */; };
		F169EF411916C48100B6A8E6 /* appleDot@2x.png in Resources */ = {isa = PBXBuildFile; fileRef = F169EF401916C48100B6A8E6 /* appleDot@2x.png */; };
		F169EF431916C4F800B6A8E6 /* currentAppleDot@2x.png in Resources */ = {isa = PBXBuildFile; fileRef = F169EF421916C4F800B6A8E6 /* currentAppleDot@2x.png */; };
		F169EF451916C51300B6A8E6 /* appleMask@2x.png in Resources */ = {isa = PBXBuildFile; fileRef = F169EF441916C51300B6A8E6 /* appleMask@2x.png */; };
		F169EF471916C6A700B6A8E6 /* lockMask@2x.png in Resources */ = {isa = PBXBuildFile; fileRef = F169EF461916C6A700B6A8E6 /* lockMask@2x.png */; };
		F19B8CF1176BEAD5007C1000 /* ISKGravityCollisionBehavior.m in Sources */ = {isa = PBXBuildFile; fileRef = F19B8CF0176BEAD5007C1000 /* ISKGravityCollisionBehavior.m */; };
		F19F69D718A05D2B00D4D291 /* libTestFlight.a in Frameworks */ = {isa = PBXBuildFile; fileRef = F19F69D618A05D2B00D4D291 /* libTestFlight.a */; };
		F19F69D918A05D3A00D4D291 /* libz.dylib in Frameworks */ = {isa = PBXBuildFile; fileRef = F19F69D818A05D3A00D4D291 /* libz.dylib */; };
		F19F69EA18A0723200D4D291 /* PSPDFTextView.m in Sources */ = {isa = PBXBuildFile; fileRef = F19F69E918A0723200D4D291 /* PSPDFTextView.m */; };
		F1A670ED176923DC00665F19 /* Media.xcassets in Resources */ = {isa = PBXBuildFile; fileRef = F1A670EC176923DC00665F19 /* Media.xcassets */; };
		F1A7A3C5197AD60500BEE6AA /* libFlurry_5.2.0.a in Frameworks */ = {isa = PBXBuildFile; fileRef = F1A7A3C4197AD60500BEE6AA /* libFlurry_5.2.0.a */; };
		F1AA7397176A5E71004A6787 /* ISKTiltRevealMotionEffect.m in Sources */ = {isa = PBXBuildFile; fileRef = F1AA7396176A5E71004A6787 /* ISKTiltRevealMotionEffect.m */; };
/* End PBXBuildFile section */

/* Begin PBXFileReference section */
		844B90C81669AAE800935AB8 /* blackArrowDown.png */ = {isa = PBXFileReference; lastKnownFileType = image.png; path = blackArrowDown.png; sourceTree = "<group>"; };
		844B90C91669AAE800935AB8 /* blackArrowDown@2x.png */ = {isa = PBXFileReference; lastKnownFileType = image.png; path = "blackArrowDown@2x.png"; sourceTree = "<group>"; };
		844B90CA1669AAE800935AB8 /* blackArrowUp.png */ = {isa = PBXFileReference; lastKnownFileType = image.png; path = blackArrowUp.png; sourceTree = "<group>"; };
		844B90CB1669AAE800935AB8 /* blackArrowUp@2x.png */ = {isa = PBXFileReference; lastKnownFileType = image.png; path = "blackArrowUp@2x.png"; sourceTree = "<group>"; };
		844B90CC1669AAE800935AB8 /* blackPencil.png */ = {isa = PBXFileReference; lastKnownFileType = image.png; path = blackPencil.png; sourceTree = "<group>"; };
		844B90CD1669AAE800935AB8 /* blackPencil@2x.png */ = {isa = PBXFileReference; lastKnownFileType = image.png; path = "blackPencil@2x.png"; sourceTree = "<group>"; };
		844B90CF1669AAE800935AB8 /* ISKAppDelegate.h */ = {isa = PBXFileReference; fileEncoding = 4; lastKnownFileType = sourcecode.c.h; path = ISKAppDelegate.h; sourceTree = "<group>"; };
		844B90D01669AAE800935AB8 /* ISKAppDelegate.m */ = {isa = PBXFileReference; fileEncoding = 4; lastKnownFileType = sourcecode.c.objc; path = ISKAppDelegate.m; sourceTree = "<group>"; };
		844B90D11669AAE800935AB8 /* ISKDrawingView.h */ = {isa = PBXFileReference; fileEncoding = 4; lastKnownFileType = sourcecode.c.h; path = ISKDrawingView.h; sourceTree = "<group>"; };
		844B90D21669AAE800935AB8 /* ISKDrawingView.m */ = {isa = PBXFileReference; fileEncoding = 4; lastKnownFileType = sourcecode.c.objc; path = ISKDrawingView.m; sourceTree = "<group>"; };
		844B90D31669AAE800935AB8 /* ISKFlipsideViewController.h */ = {isa = PBXFileReference; fileEncoding = 4; lastKnownFileType = sourcecode.c.h; path = ISKFlipsideViewController.h; sourceTree = "<group>"; };
		844B90D41669AAE800935AB8 /* ISKFlipsideViewController.m */ = {isa = PBXFileReference; fileEncoding = 4; lastKnownFileType = sourcecode.c.objc; path = ISKFlipsideViewController.m; sourceTree = "<group>"; };
		844B90D51669AAE800935AB8 /* ISKMacros.h */ = {isa = PBXFileReference; fileEncoding = 4; lastKnownFileType = sourcecode.c.h; path = ISKMacros.h; sourceTree = "<group>"; };
		844B90D61669AAE800935AB8 /* ISKRootView.h */ = {isa = PBXFileReference; fileEncoding = 4; lastKnownFileType = sourcecode.c.h; path = ISKRootView.h; sourceTree = "<group>"; };
		844B90D71669AAE800935AB8 /* ISKRootView.m */ = {isa = PBXFileReference; fileEncoding = 4; lastKnownFileType = sourcecode.c.objc; path = ISKRootView.m; sourceTree = "<group>"; };
		844B90D91669AAE800935AB8 /* ISKSimpleStackViewController.m */ = {isa = PBXFileReference; fileEncoding = 4; lastKnownFileType = sourcecode.c.objc; path = ISKSimpleStackViewController.m; sourceTree = "<group>"; };
		844B90DB1669AAE800935AB8 /* en */ = {isa = PBXFileReference; lastKnownFileType = text.plist.strings; name = en; path = en.lproj/InfoPlist.strings; sourceTree = "<group>"; };
		844B90DC1669AAE800935AB8 /* Jotted-Info.plist */ = {isa = PBXFileReference; fileEncoding = 4; lastKnownFileType = text.plist.xml; path = "Jotted-Info.plist"; sourceTree = "<group>"; };
		844B90DD1669AAE800935AB8 /* Jotted-Prefix.pch */ = {isa = PBXFileReference; fileEncoding = 4; lastKnownFileType = sourcecode.c.h; path = "Jotted-Prefix.pch"; sourceTree = "<group>"; };
		844B90DE1669AAE800935AB8 /* main.m */ = {isa = PBXFileReference; fileEncoding = 4; lastKnownFileType = sourcecode.c.objc; path = main.m; sourceTree = "<group>"; };
		84738D031669BCBB006501CE /* ISKNoteView.h */ = {isa = PBXFileReference; fileEncoding = 4; lastKnownFileType = sourcecode.c.h; path = ISKNoteView.h; sourceTree = "<group>"; };
		84738D041669BCBB006501CE /* ISKNoteView.m */ = {isa = PBXFileReference; fileEncoding = 4; lastKnownFileType = sourcecode.c.objc; path = ISKNoteView.m; sourceTree = "<group>"; };
		84738D071669BCDC006501CE /* Const.h */ = {isa = PBXFileReference; fileEncoding = 4; lastKnownFileType = sourcecode.c.h; path = Const.h; sourceTree = "<group>"; };
		84738D101669CE2C006501CE /* ISKMainViewController.h */ = {isa = PBXFileReference; fileEncoding = 4; lastKnownFileType = sourcecode.c.h; path = ISKMainViewController.h; sourceTree = "<group>"; };
		84738D111669CE2C006501CE /* ISKMainViewController.m */ = {isa = PBXFileReference; fileEncoding = 4; lastKnownFileType = sourcecode.c.objc; path = ISKMainViewController.m; sourceTree = "<group>"; };
		84738D141669CE95006501CE /* ISKSimpleStackViewController.h */ = {isa = PBXFileReference; fileEncoding = 4; lastKnownFileType = sourcecode.c.h; path = ISKSimpleStackViewController.h; sourceTree = "<group>"; };
		C378240317E06B0E00ABB5CE /* CFNetwork.framework */ = {isa = PBXFileReference; lastKnownFileType = wrapper.framework; name = CFNetwork.framework; path = System/Library/Frameworks/CFNetwork.framework; sourceTree = SDKROOT; };
		C378240517E0DBE600ABB5CE /* UIView+XYWHChange.h */ = {isa = PBXFileReference; fileEncoding = 4; lastKnownFileType = sourcecode.c.h; path = "UIView+XYWHChange.h"; sourceTree = "<group>"; };
		C378240617E0DBE600ABB5CE /* UIView+XYWHChange.m */ = {isa = PBXFileReference; fileEncoding = 4; lastKnownFileType = sourcecode.c.objc; path = "UIView+XYWHChange.m"; sourceTree = "<group>"; };
		C3A17F7E17DF81A0009AAC5D /* ISKStackVC.h */ = {isa = PBXFileReference; fileEncoding = 4; lastKnownFileType = sourcecode.c.h; path = ISKStackVC.h; sourceTree = "<group>"; };
		C3A17F7F17DF81A0009AAC5D /* ISKStackVC.m */ = {isa = PBXFileReference; fileEncoding = 4; lastKnownFileType = sourcecode.c.objc; path = ISKStackVC.m; sourceTree = "<group>"; };
		C3BA32CE15F2691600EF7DA4 /* Jotted.app */ = {isa = PBXFileReference; explicitFileType = wrapper.application; includeInIndex = 0; path = Jotted.app; sourceTree = BUILT_PRODUCTS_DIR; };
		C3BA32D215F2691600EF7DA4 /* UIKit.framework */ = {isa = PBXFileReference; lastKnownFileType = wrapper.framework; name = UIKit.framework; path = System/Library/Frameworks/UIKit.framework; sourceTree = SDKROOT; };
		C3BA32D415F2691600EF7DA4 /* Foundation.framework */ = {isa = PBXFileReference; lastKnownFileType = wrapper.framework; name = Foundation.framework; path = System/Library/Frameworks/Foundation.framework; sourceTree = SDKROOT; };
		C3BA32D615F2691600EF7DA4 /* CoreGraphics.framework */ = {isa = PBXFileReference; lastKnownFileType = wrapper.framework; name = CoreGraphics.framework; path = System/Library/Frameworks/CoreGraphics.framework; sourceTree = SDKROOT; };
		C3BA330515F271E800EF7DA4 /* QuartzCore.framework */ = {isa = PBXFileReference; lastKnownFileType = wrapper.framework; name = QuartzCore.framework; path = System/Library/Frameworks/QuartzCore.framework; sourceTree = SDKROOT; };
		C3CCE23F17E0F5C9005C21E2 /* ArchitectsDaughter.ttf */ = {isa = PBXFileReference; lastKnownFileType = file; path = ArchitectsDaughter.ttf; sourceTree = "<group>"; };
		C3CCE24117E0F5D4005C21E2 /* daniel.ttf */ = {isa = PBXFileReference; lastKnownFileType = file; path = daniel.ttf; sourceTree = "<group>"; };
		C3CCE24217E0F5D4005C21E2 /* danielbd.ttf */ = {isa = PBXFileReference; lastKnownFileType = file; path = danielbd.ttf; sourceTree = "<group>"; };
		C3CCE24317E0F5D4005C21E2 /* danielbk.ttf */ = {isa = PBXFileReference; lastKnownFileType = file; path = danielbk.ttf; sourceTree = "<group>"; };
		C3CCE24717E0F8AC005C21E2 /* Xiomara-Script.ttf */ = {isa = PBXFileReference; lastKnownFileType = file; path = "Xiomara-Script.ttf"; sourceTree = "<group>"; };
		C3E4A96717E353270001CC6B /* SVProgressHUD.h */ = {isa = PBXFileReference; fileEncoding = 4; lastKnownFileType = sourcecode.c.h; path = SVProgressHUD.h; sourceTree = "<group>"; };
		C3E4A96817E353270001CC6B /* SVProgressHUD.m */ = {isa = PBXFileReference; fileEncoding = 4; lastKnownFileType = sourcecode.c.objc; path = SVProgressHUD.m; sourceTree = "<group>"; };
		F113EC6F167DC41A0077B6D1 /* StyledPageControl.h */ = {isa = PBXFileReference; fileEncoding = 4; lastKnownFileType = sourcecode.c.h; path = StyledPageControl.h; sourceTree = "<group>"; };
		F113EC70167DC41A0077B6D1 /* StyledPageControl.m */ = {isa = PBXFileReference; fileEncoding = 4; lastKnownFileType = sourcecode.c.objc; path = StyledPageControl.m; sourceTree = "<group>"; };
		F113EC73167DD6360077B6D1 /* ISKStacksViewController.h */ = {isa = PBXFileReference; fileEncoding = 4; lastKnownFileType = sourcecode.c.h; path = ISKStacksViewController.h; sourceTree = "<group>"; };
		F113EC74167DD6360077B6D1 /* ISKStacksViewController.m */ = {isa = PBXFileReference; fileEncoding = 4; lastKnownFileType = sourcecode.c.objc; path = ISKStacksViewController.m; sourceTree = "<group>"; };
		F12A1E6F1979B83100E88484 /* SVProgressHUD.bundle */ = {isa = PBXFileReference; lastKnownFileType = "wrapper.plug-in"; path = SVProgressHUD.bundle; sourceTree = "<group>"; };
		F12A1E77197ABDEC00E88484 /* Reveal.framework */ = {isa = PBXFileReference; lastKnownFileType = wrapper.framework; path = Reveal.framework; sourceTree = "<group>"; };
		F12D8A7D18A58E5200E04BE7 /* IAPHelper.h */ = {isa = PBXFileReference; fileEncoding = 4; lastKnownFileType = sourcecode.c.h; path = IAPHelper.h; sourceTree = "<group>"; };
		F12D8A7E18A58E5200E04BE7 /* IAPHelper.m */ = {isa = PBXFileReference; fileEncoding = 4; lastKnownFileType = sourcecode.c.objc; path = IAPHelper.m; sourceTree = "<group>"; };
		F12D8A8018A58EE900E04BE7 /* ISKStackIAPHelper.h */ = {isa = PBXFileReference; fileEncoding = 4; lastKnownFileType = sourcecode.c.h; path = ISKStackIAPHelper.h; sourceTree = "<group>"; };
		F12D8A8118A58EE900E04BE7 /* ISKStackIAPHelper.m */ = {isa = PBXFileReference; fileEncoding = 4; lastKnownFileType = sourcecode.c.objc; path = ISKStackIAPHelper.m; sourceTree = "<group>"; };
		F12D8A8318A5910400E04BE7 /* StoreKit.framework */ = {isa = PBXFileReference; lastKnownFileType = wrapper.framework; name = StoreKit.framework; path = System/Library/Frameworks/StoreKit.framework; sourceTree = SDKROOT; };
		F12D8A8618A59A5C00E04BE7 /* PDKeychainBindings.h */ = {isa = PBXFileReference; fileEncoding = 4; lastKnownFileType = sourcecode.c.h; path = PDKeychainBindings.h; sourceTree = "<group>"; };
		F12D8A8718A59A5C00E04BE7 /* PDKeychainBindings.m */ = {isa = PBXFileReference; fileEncoding = 4; lastKnownFileType = sourcecode.c.objc; path = PDKeychainBindings.m; sourceTree = "<group>"; };
		F12D8A8818A59A5C00E04BE7 /* PDKeychainBindingsController.h */ = {isa = PBXFileReference; fileEncoding = 4; lastKnownFileType = sourcecode.c.h; path = PDKeychainBindingsController.h; sourceTree = "<group>"; };
		F12D8A8918A59A5C00E04BE7 /* PDKeychainBindingsController.m */ = {isa = PBXFileReference; fileEncoding = 4; lastKnownFileType = sourcecode.c.objc; path = PDKeychainBindingsController.m; sourceTree = "<group>"; };
		F12D8A8C18A5A2F400E04BE7 /* plus1@2x.png */ = {isa = PBXFileReference; lastKnownFileType = image.png; path = "plus1@2x.png"; sourceTree = "<group>"; };
		F12D8A8E18A5A39B00E04BE7 /* plus2@2x.png */ = {isa = PBXFileReference; lastKnownFileType = image.png; path = "plus2@2x.png"; sourceTree = "<group>"; };
		F12D8A9018A5A4C300E04BE7 /* plus3@2x.png */ = {isa = PBXFileReference; lastKnownFileType = image.png; path = "plus3@2x.png"; sourceTree = "<group>"; };
		F12D8A9B18A5C47600E04BE7 /* Flurry.h */ = {isa = PBXFileReference; fileEncoding = 4; lastKnownFileType = sourcecode.c.h; path = Flurry.h; sourceTree = "<group>"; };
		F12D8A9E18A5C49E00E04BE7 /* SystemConfiguration.framework */ = {isa = PBXFileReference; lastKnownFileType = wrapper.framework; name = SystemConfiguration.framework; path = System/Library/Frameworks/SystemConfiguration.framework; sourceTree = SDKROOT; };
		F12D8AA018A5C4A400E04BE7 /* Security.framework */ = {isa = PBXFileReference; lastKnownFileType = wrapper.framework; name = Security.framework; path = System/Library/Frameworks/Security.framework; sourceTree = SDKROOT; };
		F15088FC18A58072005AC150 /* plus@2x.png */ = {isa = PBXFileReference; lastKnownFileType = image.png; path = "plus@2x.png"; sourceTree = "<group>"; };
		F169EF3D1916C33400B6A8E6 /* SMPageControl.h */ = {isa = PBXFileReference; fileEncoding = 4; lastKnownFileType = sourcecode.c.h; path = SMPageControl.h; sourceTree = "<group>"; };
		F169EF3E1916C33400B6A8E6 /* SMPageControl.m */ = {isa = PBXFileReference; fileEncoding = 4; lastKnownFileType = sourcecode.c.objc; path = SMPageControl.m; sourceTree = "<group>"; };
		F169EF401916C48100B6A8E6 /* appleDot@2x.png */ = {isa = PBXFileReference; lastKnownFileType = image.png; name = "appleDot@2x.png"; path = "vendor/SMPageControl/appleDot@2x.png"; sourceTree = SOURCE_ROOT; };
		F169EF421916C4F800B6A8E6 /* currentAppleDot@2x.png */ = {isa = PBXFileReference; lastKnownFileType = image.png; name = "currentAppleDot@2x.png"; path = "vendor/SMPageControl/currentAppleDot@2x.png"; sourceTree = SOURCE_ROOT; };
		F169EF441916C51300B6A8E6 /* appleMask@2x.png */ = {isa = PBXFileReference; lastKnownFileType = image.png; name = "appleMask@2x.png"; path = "vendor/SMPageControl/appleMask@2x.png"; sourceTree = SOURCE_ROOT; };
		F169EF461916C6A700B6A8E6 /* lockMask@2x.png */ = {isa = PBXFileReference; lastKnownFileType = image.png; name = "lockMask@2x.png"; path = "vendor/SMPageControl/lockMask@2x.png"; sourceTree = SOURCE_ROOT; };
		F19B8CEF176BEAD5007C1000 /* ISKGravityCollisionBehavior.h */ = {isa = PBXFileReference; fileEncoding = 4; lastKnownFileType = sourcecode.c.h; path = ISKGravityCollisionBehavior.h; sourceTree = "<group>"; };
		F19B8CF0176BEAD5007C1000 /* ISKGravityCollisionBehavior.m */ = {isa = PBXFileReference; fileEncoding = 4; lastKnownFileType = sourcecode.c.objc; path = ISKGravityCollisionBehavior.m; sourceTree = "<group>"; };
		F19F69D618A05D2B00D4D291 /* libTestFlight.a */ = {isa = PBXFileReference; lastKnownFileType = archive.ar; path = libTestFlight.a; sourceTree = "<group>"; };
		F19F69D818A05D3A00D4D291 /* libz.dylib */ = {isa = PBXFileReference; lastKnownFileType = "compiled.mach-o.dylib"; name = libz.dylib; path = usr/lib/libz.dylib; sourceTree = SDKROOT; };
		F19F69DA18A05DB900D4D291 /* TestFlight.h */ = {isa = PBXFileReference; fileEncoding = 4; lastKnownFileType = sourcecode.c.h; path = TestFlight.h; sourceTree = "<group>"; };
		F19F69DB18A05DB900D4D291 /* TestFlight+AsyncLogging.h */ = {isa = PBXFileReference; fileEncoding = 4; lastKnownFileType = sourcecode.c.h; path = "TestFlight+AsyncLogging.h"; sourceTree = "<group>"; };
		F19F69DC18A05DB900D4D291 /* TestFlight+ManualSessions.h */ = {isa = PBXFileReference; fileEncoding = 4; lastKnownFileType = sourcecode.c.h; path = "TestFlight+ManualSessions.h"; sourceTree = "<group>"; };
		F19F69E818A0723200D4D291 /* PSPDFTextView.h */ = {isa = PBXFileReference; fileEncoding = 4; lastKnownFileType = sourcecode.c.h; path = PSPDFTextView.h; sourceTree = "<group>"; };
		F19F69E918A0723200D4D291 /* PSPDFTextView.m */ = {isa = PBXFileReference; fileEncoding = 4; lastKnownFileType = sourcecode.c.objc; path = PSPDFTextView.m; sourceTree = "<group>"; };
		F1A670EC176923DC00665F19 /* Media.xcassets */ = {isa = PBXFileReference; lastKnownFileType = folder.assetcatalog; name = Media.xcassets; path = Jotted/Media.xcassets; sourceTree = "<group>"; };
		F1A7A3C4197AD60500BEE6AA /* libFlurry_5.2.0.a */ = {isa = PBXFileReference; lastKnownFileType = archive.ar; path = libFlurry_5.2.0.a; sourceTree = "<group>"; };
		F1AA7395176A5E71004A6787 /* ISKTiltRevealMotionEffect.h */ = {isa = PBXFileReference; fileEncoding = 4; lastKnownFileType = sourcecode.c.h; path = ISKTiltRevealMotionEffect.h; sourceTree = "<group>"; };
		F1AA7396176A5E71004A6787 /* ISKTiltRevealMotionEffect.m */ = {isa = PBXFileReference; fileEncoding = 4; lastKnownFileType = sourcecode.c.objc; path = ISKTiltRevealMotionEffect.m; sourceTree = "<group>"; };
/* End PBXFileReference section */

/* Begin PBXFrameworksBuildPhase section */
		C3BA32CB15F2691600EF7DA4 /* Frameworks */ = {
			isa = PBXFrameworksBuildPhase;
			buildActionMask = 2147483647;
			files = (
				F12D8AA118A5C4A400E04BE7 /* Security.framework in Frameworks */,
				F12D8A9F18A5C49E00E04BE7 /* SystemConfiguration.framework in Frameworks */,
				F19F69D718A05D2B00D4D291 /* libTestFlight.a in Frameworks */,
				F12A1E78197ABDEC00E88484 /* Reveal.framework in Frameworks */,
				F19F69D918A05D3A00D4D291 /* libz.dylib in Frameworks */,
				F1A7A3C5197AD60500BEE6AA /* libFlurry_5.2.0.a in Frameworks */,
				C378240417E06B0E00ABB5CE /* CFNetwork.framework in Frameworks */,
				F12D8A8418A5910400E04BE7 /* StoreKit.framework in Frameworks */,
				C3BA330615F271E800EF7DA4 /* QuartzCore.framework in Frameworks */,
				C3BA32D315F2691600EF7DA4 /* UIKit.framework in Frameworks */,
				C3BA32D515F2691600EF7DA4 /* Foundation.framework in Frameworks */,
				C3BA32D715F2691600EF7DA4 /* CoreGraphics.framework in Frameworks */,
			);
			runOnlyForDeploymentPostprocessing = 0;
		};
/* End PBXFrameworksBuildPhase section */

/* Begin PBXGroup section */
		844B90C61669AAE800935AB8 /* Jotted */ = {
			isa = PBXGroup;
			children = (
				844B90C71669AAE800935AB8 /* Assets */,
				844B90CE1669AAE800935AB8 /* Classes */,
				844B90DA1669AAE800935AB8 /* InfoPlist.strings */,
				C3CCE24717E0F8AC005C21E2 /* Xiomara-Script.ttf */,
				C3CCE24117E0F5D4005C21E2 /* daniel.ttf */,
				C3CCE24217E0F5D4005C21E2 /* danielbd.ttf */,
				C3CCE24317E0F5D4005C21E2 /* danielbk.ttf */,
				C3CCE23F17E0F5C9005C21E2 /* ArchitectsDaughter.ttf */,
				844B90DC1669AAE800935AB8 /* Jotted-Info.plist */,
				844B90DD1669AAE800935AB8 /* Jotted-Prefix.pch */,
				844B90DE1669AAE800935AB8 /* main.m */,
				84738D071669BCDC006501CE /* Const.h */,
			);
			path = Jotted;
			sourceTree = "<group>";
		};
		844B90C71669AAE800935AB8 /* Assets */ = {
			isa = PBXGroup;
			children = (
				F12D8A9018A5A4C300E04BE7 /* plus3@2x.png */,
				F12D8A8E18A5A39B00E04BE7 /* plus2@2x.png */,
				F12D8A8C18A5A2F400E04BE7 /* plus1@2x.png */,
				F15088FC18A58072005AC150 /* plus@2x.png */,
				844B90C81669AAE800935AB8 /* blackArrowDown.png */,
				844B90C91669AAE800935AB8 /* blackArrowDown@2x.png */,
				844B90CA1669AAE800935AB8 /* blackArrowUp.png */,
				844B90CB1669AAE800935AB8 /* blackArrowUp@2x.png */,
				844B90CC1669AAE800935AB8 /* blackPencil.png */,
				844B90CD1669AAE800935AB8 /* blackPencil@2x.png */,
			);
			path = Assets;
			sourceTree = "<group>";
		};
		844B90CE1669AAE800935AB8 /* Classes */ = {
			isa = PBXGroup;
			children = (
				F12D8A8018A58EE900E04BE7 /* ISKStackIAPHelper.h */,
				F12D8A8118A58EE900E04BE7 /* ISKStackIAPHelper.m */,
				C378240517E0DBE600ABB5CE /* UIView+XYWHChange.h */,
				C378240617E0DBE600ABB5CE /* UIView+XYWHChange.m */,
				844B90CF1669AAE800935AB8 /* ISKAppDelegate.h */,
				F19B8CEF176BEAD5007C1000 /* ISKGravityCollisionBehavior.h */,
				F19B8CF0176BEAD5007C1000 /* ISKGravityCollisionBehavior.m */,
				F1AA7395176A5E71004A6787 /* ISKTiltRevealMotionEffect.h */,
				F1AA7396176A5E71004A6787 /* ISKTiltRevealMotionEffect.m */,
				844B90D01669AAE800935AB8 /* ISKAppDelegate.m */,
				844B90D11669AAE800935AB8 /* ISKDrawingView.h */,
				844B90D21669AAE800935AB8 /* ISKDrawingView.m */,
				844B90D31669AAE800935AB8 /* ISKFlipsideViewController.h */,
				844B90D41669AAE800935AB8 /* ISKFlipsideViewController.m */,
				844B90D51669AAE800935AB8 /* ISKMacros.h */,
				844B90D61669AAE800935AB8 /* ISKRootView.h */,
				844B90D71669AAE800935AB8 /* ISKRootView.m */,
				F113EC73167DD6360077B6D1 /* ISKStacksViewController.h */,
				F113EC74167DD6360077B6D1 /* ISKStacksViewController.m */,
				C3A17F7E17DF81A0009AAC5D /* ISKStackVC.h */,
				C3A17F7F17DF81A0009AAC5D /* ISKStackVC.m */,
				84738D141669CE95006501CE /* ISKSimpleStackViewController.h */,
				844B90D91669AAE800935AB8 /* ISKSimpleStackViewController.m */,
				84738D101669CE2C006501CE /* ISKMainViewController.h */,
				84738D111669CE2C006501CE /* ISKMainViewController.m */,
				84738D031669BCBB006501CE /* ISKNoteView.h */,
				84738D041669BCBB006501CE /* ISKNoteView.m */,
			);
			path = Classes;
			sourceTree = "<group>";
		};
		C3BA32C315F2691600EF7DA4 = {
			isa = PBXGroup;
			children = (
				F1A670EC176923DC00665F19 /* Media.xcassets */,
				F113EC6D167DC41A0077B6D1 /* vendor */,
				844B90C61669AAE800935AB8 /* Jotted */,
				C3BA32D115F2691600EF7DA4 /* Frameworks */,
				C3BA32CF15F2691600EF7DA4 /* Products */,
			);
			sourceTree = "<group>";
		};
		C3BA32CF15F2691600EF7DA4 /* Products */ = {
			isa = PBXGroup;
			children = (
				C3BA32CE15F2691600EF7DA4 /* Jotted.app */,
			);
			name = Products;
			sourceTree = "<group>";
		};
		C3BA32D115F2691600EF7DA4 /* Frameworks */ = {
			isa = PBXGroup;
			children = (
				F12A1E77197ABDEC00E88484 /* Reveal.framework */,
				F12D8AA018A5C4A400E04BE7 /* Security.framework */,
				F12D8A9E18A5C49E00E04BE7 /* SystemConfiguration.framework */,
				F12D8A8318A5910400E04BE7 /* StoreKit.framework */,
				F19F69D818A05D3A00D4D291 /* libz.dylib */,
				C378240317E06B0E00ABB5CE /* CFNetwork.framework */,
				C3BA330515F271E800EF7DA4 /* QuartzCore.framework */,
				C3BA32D215F2691600EF7DA4 /* UIKit.framework */,
				C3BA32D415F2691600EF7DA4 /* Foundation.framework */,
				C3BA32D615F2691600EF7DA4 /* CoreGraphics.framework */,
			);
			name = Frameworks;
			sourceTree = "<group>";
		};
		C3E4A96617E353270001CC6B /* SVProgressHUD */ = {
			isa = PBXGroup;
			children = (
				F12A1E6F1979B83100E88484 /* SVProgressHUD.bundle */,
				C3E4A96717E353270001CC6B /* SVProgressHUD.h */,
				C3E4A96817E353270001CC6B /* SVProgressHUD.m */,
			);
			path = SVProgressHUD;
			sourceTree = "<group>";
		};
		F113EC6D167DC41A0077B6D1 /* vendor */ = {
			isa = PBXGroup;
			children = (
				F169EF3C1916C33400B6A8E6 /* SMPageControl */,
				F12D8A9A18A5C47600E04BE7 /* Flurry */,
				F12D8A8518A59A5C00E04BE7 /* KeyChainBindings */,
				F12D8A7918A58D8700E04BE7 /* IAPHelper */,
				F19F69E718A0723200D4D291 /* PSPDFTextView */,
				F19F69D518A05D2B00D4D291 /* TestFlight */,
				C3E4A96617E353270001CC6B /* SVProgressHUD */,
				F113EC6E167DC41A0077B6D1 /* StyledPageControl */,
			);
			path = vendor;
			sourceTree = "<group>";
		};
		F113EC6E167DC41A0077B6D1 /* StyledPageControl */ = {
			isa = PBXGroup;
			children = (
				F169EF461916C6A700B6A8E6 /* lockMask@2x.png */,
				F169EF441916C51300B6A8E6 /* appleMask@2x.png */,
				F169EF421916C4F800B6A8E6 /* currentAppleDot@2x.png */,
				F169EF401916C48100B6A8E6 /* appleDot@2x.png */,
				F113EC6F167DC41A0077B6D1 /* StyledPageControl.h */,
				F113EC70167DC41A0077B6D1 /* StyledPageControl.m */,
			);
			path = StyledPageControl;
			sourceTree = "<group>";
		};
		F12D8A7918A58D8700E04BE7 /* IAPHelper */ = {
			isa = PBXGroup;
			children = (
				F12D8A7D18A58E5200E04BE7 /* IAPHelper.h */,
				F12D8A7E18A58E5200E04BE7 /* IAPHelper.m */,
			);
			path = IAPHelper;
			sourceTree = "<group>";
		};
		F12D8A8518A59A5C00E04BE7 /* KeyChainBindings */ = {
			isa = PBXGroup;
			children = (
				F12D8A8618A59A5C00E04BE7 /* PDKeychainBindings.h */,
				F12D8A8718A59A5C00E04BE7 /* PDKeychainBindings.m */,
				F12D8A8818A59A5C00E04BE7 /* PDKeychainBindingsController.h */,
				F12D8A8918A59A5C00E04BE7 /* PDKeychainBindingsController.m */,
			);
			path = KeyChainBindings;
			sourceTree = "<group>";
		};
		F12D8A9A18A5C47600E04BE7 /* Flurry */ = {
			isa = PBXGroup;
			children = (
				F12D8A9B18A5C47600E04BE7 /* Flurry.h */,
				F1A7A3C4197AD60500BEE6AA /* libFlurry_5.2.0.a */,
			);
			path = Flurry;
			sourceTree = "<group>";
		};
		F169EF3C1916C33400B6A8E6 /* SMPageControl */ = {
			isa = PBXGroup;
			children = (
				F169EF3D1916C33400B6A8E6 /* SMPageControl.h */,
				F169EF3E1916C33400B6A8E6 /* SMPageControl.m */,
			);
			path = SMPageControl;
			sourceTree = "<group>";
		};
		F19F69D518A05D2B00D4D291 /* TestFlight */ = {
			isa = PBXGroup;
			children = (
				F19F69DA18A05DB900D4D291 /* TestFlight.h */,
				F19F69DB18A05DB900D4D291 /* TestFlight+AsyncLogging.h */,
				F19F69DC18A05DB900D4D291 /* TestFlight+ManualSessions.h */,
				F19F69D618A05D2B00D4D291 /* libTestFlight.a */,
			);
			path = TestFlight;
			sourceTree = "<group>";
		};
		F19F69E718A0723200D4D291 /* PSPDFTextView */ = {
			isa = PBXGroup;
			children = (
				F19F69E818A0723200D4D291 /* PSPDFTextView.h */,
				F19F69E918A0723200D4D291 /* PSPDFTextView.m */,
			);
			path = PSPDFTextView;
			sourceTree = "<group>";
		};
/* End PBXGroup section */

/* Begin PBXNativeTarget section */
		C3BA32CD15F2691600EF7DA4 /* Jotted */ = {
			isa = PBXNativeTarget;
			buildConfigurationList = C3BA32F215F2691600EF7DA4 /* Build configuration list for PBXNativeTarget "Jotted" */;
			buildPhases = (
				C3BA32CA15F2691600EF7DA4 /* Sources */,
				C3BA32CB15F2691600EF7DA4 /* Frameworks */,
				C3BA32CC15F2691600EF7DA4 /* Resources */,
			);
			buildRules = (
			);
			dependencies = (
			);
			name = Jotted;
			productName = IndexStack;
			productReference = C3BA32CE15F2691600EF7DA4 /* Jotted.app */;
			productType = "com.apple.product-type.application";
		};
/* End PBXNativeTarget section */

/* Begin PBXProject section */
		C3BA32C515F2691600EF7DA4 /* Project object */ = {
			isa = PBXProject;
			attributes = {
				CLASSPREFIX = ISK;
				LastUpgradeCheck = 0510;
				ORGANIZATIONNAME = "Alexey Linkov";
				TargetAttributes = {
					C3BA32CD15F2691600EF7DA4 = {
						DevelopmentTeam = 43R88X5B35;
						SystemCapabilities = {
							com.apple.InAppPurchase = {
								enabled = 1;
							};
						};
					};
				};
			};
			buildConfigurationList = C3BA32C815F2691600EF7DA4 /* Build configuration list for PBXProject "Jotted" */;
			compatibilityVersion = "Xcode 3.2";
			developmentRegion = English;
			hasScannedForEncodings = 0;
			knownRegions = (
				en,
			);
			mainGroup = C3BA32C315F2691600EF7DA4;
			productRefGroup = C3BA32CF15F2691600EF7DA4 /* Products */;
			projectDirPath = "";
			projectRoot = "";
			targets = (
				C3BA32CD15F2691600EF7DA4 /* Jotted */,
			);
		};
/* End PBXProject section */

/* Begin PBXResourcesBuildPhase section */
		C3BA32CC15F2691600EF7DA4 /* Resources */ = {
			isa = PBXResourcesBuildPhase;
			buildActionMask = 2147483647;
			files = (
				F1A670ED176923DC00665F19 /* Media.xcassets in Resources */,
				844B90DF1669AAE800935AB8 /* blackArrowDown.png in Resources */,
				844B90E01669AAE800935AB8 /* blackArrowDown@2x.png in Resources */,
				F169EF451916C51300B6A8E6 /* appleMask@2x.png in Resources */,
				C3CCE24617E0F5D4005C21E2 /* danielbk.ttf in Resources */,
				844B90E11669AAE800935AB8 /* blackArrowUp.png in Resources */,
				C3CCE24017E0F5C9005C21E2 /* ArchitectsDaughter.ttf in Resources */,
				F169EF411916C48100B6A8E6 /* appleDot@2x.png in Resources */,
				844B90E21669AAE800935AB8 /* blackArrowUp@2x.png in Resources */,
				C3CCE24417E0F5D4005C21E2 /* daniel.ttf in Resources */,
				844B90E31669AAE800935AB8 /* blackPencil.png in Resources */,
				C3CCE24817E0F8AC005C21E2 /* Xiomara-Script.ttf in Resources */,
				F12D8A9118A5A4C300E04BE7 /* plus3@2x.png in Resources */,
				844B90E41669AAE800935AB8 /* blackPencil@2x.png in Resources */,
				F15088FD18A58072005AC150 /* plus@2x.png in Resources */,
				844B90EA1669AAE800935AB8 /* InfoPlist.strings in Resources */,
				F169EF431916C4F800B6A8E6 /* currentAppleDot@2x.png in Resources */,
				C3CCE24517E0F5D4005C21E2 /* danielbd.ttf in Resources */,
				F12D8A8D18A5A2F400E04BE7 /* plus1@2x.png in Resources */,
				F169EF471916C6A700B6A8E6 /* lockMask@2x.png in Resources */,
				F12D8A8F18A5A39B00E04BE7 /* plus2@2x.png in Resources */,
				F12A1E701979B83100E88484 /* SVProgressHUD.bundle in Resources */,
			);
			runOnlyForDeploymentPostprocessing = 0;
		};
/* End PBXResourcesBuildPhase section */

/* Begin PBXSourcesBuildPhase section */
		C3BA32CA15F2691600EF7DA4 /* Sources */ = {
			isa = PBXSourcesBuildPhase;
			buildActionMask = 2147483647;
			files = (
				F169EF3F1916C33400B6A8E6 /* SMPageControl.m in Sources */,
				844B90E51669AAE800935AB8 /* ISKAppDelegate.m in Sources */,
				844B90E61669AAE800935AB8 /* ISKDrawingView.m in Sources */,
				C378240717E0DBE600ABB5CE /* UIView+XYWHChange.m in Sources */,
				F12D8A8B18A59A5C00E04BE7 /* PDKeychainBindingsController.m in Sources */,
				F19B8CF1176BEAD5007C1000 /* ISKGravityCollisionBehavior.m in Sources */,
				844B90E71669AAE800935AB8 /* ISKFlipsideViewController.m in Sources */,
				844B90E81669AAE800935AB8 /* ISKRootView.m in Sources */,
				C3A17F8017DF81A0009AAC5D /* ISKStackVC.m in Sources */,
				F19F69EA18A0723200D4D291 /* PSPDFTextView.m in Sources */,
				F12D8A8A18A59A5C00E04BE7 /* PDKeychainBindings.m in Sources */,
				844B90E91669AAE800935AB8 /* ISKSimpleStackViewController.m in Sources */,
				844B90EC1669AAE800935AB8 /* main.m in Sources */,
				C3E4A96917E353270001CC6B /* SVProgressHUD.m in Sources */,
				F12D8A8218A58EE900E04BE7 /* ISKStackIAPHelper.m in Sources */,
				84738D051669BCBB006501CE /* ISKNoteView.m in Sources */,
				84738D121669CE2C006501CE /* ISKMainViewController.m in Sources */,
				F1AA7397176A5E71004A6787 /* ISKTiltRevealMotionEffect.m in Sources */,
				F113EC71167DC41A0077B6D1 /* StyledPageControl.m in Sources */,
				F12D8A7F18A58E5200E04BE7 /* IAPHelper.m in Sources */,
				F113EC75167DD6360077B6D1 /* ISKStacksViewController.m in Sources */,
			);
			runOnlyForDeploymentPostprocessing = 0;
		};
/* End PBXSourcesBuildPhase section */

/* Begin PBXVariantGroup section */
		844B90DA1669AAE800935AB8 /* InfoPlist.strings */ = {
			isa = PBXVariantGroup;
			children = (
				844B90DB1669AAE800935AB8 /* en */,
			);
			name = InfoPlist.strings;
			sourceTree = "<group>";
		};
/* End PBXVariantGroup section */

/* Begin XCBuildConfiguration section */
		C3BA32F015F2691600EF7DA4 /* Debug */ = {
			isa = XCBuildConfiguration;
			buildSettings = {
				ALWAYS_SEARCH_USER_PATHS = NO;
				CLANG_CXX_LANGUAGE_STANDARD = "gnu++0x";
				CLANG_WARN_BOOL_CONVERSION = YES;
				CLANG_WARN_CONSTANT_CONVERSION = YES;
				CLANG_WARN_EMPTY_BODY = YES;
				CLANG_WARN_ENUM_CONVERSION = YES;
				CLANG_WARN_INT_CONVERSION = YES;
				CLANG_WARN__DUPLICATE_METHOD_MATCH = YES;
				CODE_SIGN_IDENTITY = "iPhone Developer";
				"CODE_SIGN_IDENTITY[sdk=iphoneos*]" = "iPhone Developer";
				COPY_PHASE_STRIP = NO;
				GCC_C_LANGUAGE_STANDARD = gnu99;
				GCC_DYNAMIC_NO_PIC = NO;
				GCC_OPTIMIZATION_LEVEL = 0;
				GCC_PREPROCESSOR_DEFINITIONS = (
					"DEBUG=1",
					"$(inherited)",
				);
				GCC_SYMBOLS_PRIVATE_EXTERN = NO;
				GCC_VERSION = com.apple.compilers.llvm.clang.1_0;
				GCC_WARN_64_TO_32_BIT_CONVERSION = YES;
				GCC_WARN_ABOUT_RETURN_TYPE = YES;
				GCC_WARN_UNDECLARED_SELECTOR = YES;
				GCC_WARN_UNINITIALIZED_AUTOS = YES;
				GCC_WARN_UNUSED_FUNCTION = YES;
				GCC_WARN_UNUSED_VARIABLE = YES;
				IPHONEOS_DEPLOYMENT_TARGET = 7.0;
				ONLY_ACTIVE_ARCH = YES;
				PROVISIONING_PROFILE = "";
				"PROVISIONING_PROFILE[sdk=iphoneos*]" = "";
				SDKROOT = iphoneos;
			};
			name = Debug;
		};
		C3BA32F115F2691600EF7DA4 /* Release */ = {
			isa = XCBuildConfiguration;
			buildSettings = {
				ALWAYS_SEARCH_USER_PATHS = NO;
				CLANG_CXX_LANGUAGE_STANDARD = "gnu++0x";
				CLANG_WARN_BOOL_CONVERSION = YES;
				CLANG_WARN_CONSTANT_CONVERSION = YES;
				CLANG_WARN_EMPTY_BODY = YES;
				CLANG_WARN_ENUM_CONVERSION = YES;
				CLANG_WARN_INT_CONVERSION = YES;
				CLANG_WARN__DUPLICATE_METHOD_MATCH = YES;
				CODE_SIGN_IDENTITY = "iPhone Developer";
				"CODE_SIGN_IDENTITY[sdk=iphoneos*]" = "iPhone Developer";
				COPY_PHASE_STRIP = YES;
				GCC_C_LANGUAGE_STANDARD = gnu99;
				GCC_VERSION = com.apple.compilers.llvm.clang.1_0;
				GCC_WARN_64_TO_32_BIT_CONVERSION = YES;
				GCC_WARN_ABOUT_RETURN_TYPE = YES;
				GCC_WARN_UNDECLARED_SELECTOR = YES;
				GCC_WARN_UNINITIALIZED_AUTOS = YES;
				GCC_WARN_UNUSED_FUNCTION = YES;
				GCC_WARN_UNUSED_VARIABLE = YES;
				IPHONEOS_DEPLOYMENT_TARGET = 7.0;
				OTHER_CFLAGS = "-DNS_BLOCK_ASSERTIONS=1";
				PROVISIONING_PROFILE = "";
				"PROVISIONING_PROFILE[sdk=iphoneos*]" = "";
				SDKROOT = iphoneos;
				VALIDATE_PRODUCT = YES;
			};
			name = Release;
		};
		C3BA32F315F2691600EF7DA4 /* Debug */ = {
			isa = XCBuildConfiguration;
			buildSettings = {
				ASSETCATALOG_COMPILER_APPICON_NAME = AppIcon;
				ASSETCATALOG_COMPILER_LAUNCHIMAGE_NAME = LaunchImage;
				CLANG_ENABLE_MODULES = YES;
				CLANG_ENABLE_OBJC_ARC = YES;
				CODE_SIGN_IDENTITY = "iPhone Developer";
				"CODE_SIGN_IDENTITY[sdk=iphoneos*]" = "iPhone Developer";
				FRAMEWORK_SEARCH_PATHS = (
					"$(inherited)",
					"$(SRCROOT)",
					/Users/toyota8/sdwr/jotted/Jotted,
					/Users/linkov/Documents/sdwr/jotted,
					"$(PROJECT_DIR)",
				);
				GCC_PRECOMPILE_PREFIX_HEADER = YES;
				GCC_PREFIX_HEADER = "Jotted/Jotted-Prefix.pch";
				INFOPLIST_FILE = "Jotted/Jotted-Info.plist";
				IPHONEOS_DEPLOYMENT_TARGET = 7.1;
				LIBRARY_SEARCH_PATHS = (
					"$(inherited)",
					/Users/linkov/Documents/sdwr/jotted/vendor/TestFlight,
					/Users/linkov/Documents/sdwr/jotted/vendor/Flurry,
					"$(PROJECT_DIR)/vendor/Flurry",
				);
				LLVM_LTO = YES;
				LLVM_VECTORIZE_LOOPS = YES;
				OTHER_LDFLAGS = "-ObjC";
				PRODUCT_NAME = Jotted;
				PROVISIONING_PROFILE = "";
				"PROVISIONING_PROFILE[sdk=iphoneos*]" = "E51AC935-CC45-465B-893A-22A5CC986378";
				RUN_CLANG_STATIC_ANALYZER = YES;
				TARGETED_DEVICE_FAMILY = "1,2";
				WRAPPER_EXTENSION = app;
			};
			name = Debug;
		};
		C3BA32F415F2691600EF7DA4 /* Release */ = {
			isa = XCBuildConfiguration;
			buildSettings = {
				ASSETCATALOG_COMPILER_APPICON_NAME = AppIcon;
				ASSETCATALOG_COMPILER_LAUNCHIMAGE_NAME = LaunchImage;
				CLANG_ENABLE_MODULES = YES;
				CLANG_ENABLE_OBJC_ARC = YES;
				CODE_SIGN_IDENTITY = "iPhone Developer";
				"CODE_SIGN_IDENTITY[sdk=iphoneos*]" = "iPhone Developer";
				FRAMEWORK_SEARCH_PATHS = (
					"$(inherited)",
					"$(SRCROOT)",
					/Users/toyota8/sdwr/jotted/Jotted,
					/Users/linkov/Documents/sdwr/jotted,
					"$(PROJECT_DIR)",
				);
				GCC_OPTIMIZATION_LEVEL = fast;
				GCC_PRECOMPILE_PREFIX_HEADER = YES;
				GCC_PREFIX_HEADER = "Jotted/Jotted-Prefix.pch";
				INFOPLIST_FILE = "Jotted/Jotted-Info.plist";
				IPHONEOS_DEPLOYMENT_TARGET = 7.1;
				LIBRARY_SEARCH_PATHS = (
					"$(inherited)",
					/Users/linkov/Documents/sdwr/jotted/vendor/TestFlight,
					/Users/linkov/Documents/sdwr/jotted/vendor/Flurry,
					"$(PROJECT_DIR)/vendor/Flurry",
				);
				LLVM_LTO = YES;
				LLVM_VECTORIZE_LOOPS = YES;
				OTHER_LDFLAGS = "-ObjC";
				PRODUCT_NAME = Jotted;
				PROVISIONING_PROFILE = "";
				"PROVISIONING_PROFILE[sdk=iphoneos*]" = "E51AC935-CC45-465B-893A-22A5CC986378";
				RUN_CLANG_STATIC_ANALYZER = YES;
				TARGETED_DEVICE_FAMILY = "1,2";
				WRAPPER_EXTENSION = app;
			};
			name = Release;
		};
/* End XCBuildConfiguration section */

/* Begin XCConfigurationList section */
		C3BA32C815F2691600EF7DA4 /* Build configuration list for PBXProject "Jotted" */ = {
			isa = XCConfigurationList;
			buildConfigurations = (
				C3BA32F015F2691600EF7DA4 /* Debug */,
				C3BA32F115F2691600EF7DA4 /* Release */,
			);
			defaultConfigurationIsVisible = 0;
			defaultConfigurationName = Release;
		};
		C3BA32F215F2691600EF7DA4 /* Build configuration list for PBXNativeTarget "Jotted" */ = {
			isa = XCConfigurationList;
			buildConfigurations = (
				C3BA32F315F2691600EF7DA4 /* Debug */,
				C3BA32F415F2691600EF7DA4 /* Release */,
			);
			defaultConfigurationIsVisible = 0;
			defaultConfigurationName = Release;
		};
/* End XCConfigurationList section */
	};
	rootObject = C3BA32C515F2691600EF7DA4 /* Project object */;
}
